// !$*UTF8*$!
{
	archiveVersion = 1;
	classes = {
	};
	objectVersion = 55;
	objects = {

/* Begin PBXBuildFile section */
		4B1B843E28AFDFE0009578DD /* Note.swift in Sources */ = {isa = PBXBuildFile; fileRef = 4B1B843D28AFDFE0009578DD /* Note.swift */; };
		4B1B843F28AFE124009578DD /* Note.swift in Sources */ = {isa = PBXBuildFile; fileRef = 4B1B843D28AFDFE0009578DD /* Note.swift */; };
		4B1B844128AFE5CC009578DD /* BlurView.swift in Sources */ = {isa = PBXBuildFile; fileRef = 4B1B844028AFE5CC009578DD /* BlurView.swift */; };
		4B57095728AFCDFA006997F6 /* NotesApp.swift in Sources */ = {isa = PBXBuildFile; fileRef = 4B57094728AFCDF6006997F6 /* NotesApp.swift */; };
		4B57095828AFCDFA006997F6 /* NotesApp.swift in Sources */ = {isa = PBXBuildFile; fileRef = 4B57094728AFCDF6006997F6 /* NotesApp.swift */; };
		4B57095928AFCDFA006997F6 /* ContentView.swift in Sources */ = {isa = PBXBuildFile; fileRef = 4B57094828AFCDF6006997F6 /* ContentView.swift */; };
		4B57095A28AFCDFA006997F6 /* ContentView.swift in Sources */ = {isa = PBXBuildFile; fileRef = 4B57094828AFCDF6006997F6 /* ContentView.swift */; };
		4B57095B28AFCDFA006997F6 /* Assets.xcassets in Resources */ = {isa = PBXBuildFile; fileRef = 4B57094928AFCDFA006997F6 /* Assets.xcassets */; };
		4B57095C28AFCDFA006997F6 /* Assets.xcassets in Resources */ = {isa = PBXBuildFile; fileRef = 4B57094928AFCDFA006997F6 /* Assets.xcassets */; };
		4B57096728AFCE46006997F6 /* HomeView.swift in Sources */ = {isa = PBXBuildFile; fileRef = 4B57096628AFCE46006997F6 /* HomeView.swift */; };
		4B57096828AFCE86006997F6 /* HomeView.swift in Sources */ = {isa = PBXBuildFile; fileRef = 4B57096628AFCE46006997F6 /* HomeView.swift */; };
/* End PBXBuildFile section */

/* Begin PBXFileReference section */
		4B1B843D28AFDFE0009578DD /* Note.swift */ = {isa = PBXFileReference; lastKnownFileType = sourcecode.swift; path = Note.swift; sourceTree = "<group>"; };
		4B1B844028AFE5CC009578DD /* BlurView.swift */ = {isa = PBXFileReference; lastKnownFileType = sourcecode.swift; path = BlurView.swift; sourceTree = "<group>"; };
		4B57094728AFCDF6006997F6 /* NotesApp.swift */ = {isa = PBXFileReference; lastKnownFileType = sourcecode.swift; path = NotesApp.swift; sourceTree = "<group>"; };
		4B57094828AFCDF6006997F6 /* ContentView.swift */ = {isa = PBXFileReference; lastKnownFileType = sourcecode.swift; path = ContentView.swift; sourceTree = "<group>"; };
		4B57094928AFCDFA006997F6 /* Assets.xcassets */ = {isa = PBXFileReference; lastKnownFileType = folder.assetcatalog; path = Assets.xcassets; sourceTree = "<group>"; };
		4B57094E28AFCDFA006997F6 /* Notes.app */ = {isa = PBXFileReference; explicitFileType = wrapper.application; includeInIndex = 0; path = Notes.app; sourceTree = BUILT_PRODUCTS_DIR; };
		4B57095428AFCDFA006997F6 /* Notes.app */ = {isa = PBXFileReference; explicitFileType = wrapper.application; includeInIndex = 0; path = Notes.app; sourceTree = BUILT_PRODUCTS_DIR; };
		4B57095628AFCDFA006997F6 /* macOS.entitlements */ = {isa = PBXFileReference; lastKnownFileType = text.plist.entitlements; path = macOS.entitlements; sourceTree = "<group>"; };
		4B57096628AFCE46006997F6 /* HomeView.swift */ = {isa = PBXFileReference; lastKnownFileType = sourcecode.swift; path = HomeView.swift; sourceTree = "<group>"; };
/* End PBXFileReference section */

/* Begin PBXFrameworksBuildPhase section */
		4B57094B28AFCDFA006997F6 /* Frameworks */ = {
			isa = PBXFrameworksBuildPhase;
			buildActionMask = 2147483647;
			files = (
			);
			runOnlyForDeploymentPostprocessing = 0;
		};
		4B57095128AFCDFA006997F6 /* Frameworks */ = {
			isa = PBXFrameworksBuildPhase;
			buildActionMask = 2147483647;
			files = (
			);
			runOnlyForDeploymentPostprocessing = 0;
		};
/* End PBXFrameworksBuildPhase section */

/* Begin PBXGroup section */
		4B1B843C28AFDFC9009578DD /* Model */ = {
			isa = PBXGroup;
			children = (
				4B1B843D28AFDFE0009578DD /* Note.swift */,
			);
			path = Model;
			sourceTree = "<group>";
		};
		4B57094128AFCDF6006997F6 = {
			isa = PBXGroup;
			children = (
				4B57094628AFCDF6006997F6 /* Shared */,
				4B57095528AFCDFA006997F6 /* macOS */,
				4B57094F28AFCDFA006997F6 /* Products */,
			);
			sourceTree = "<group>";
		};
		4B57094628AFCDF6006997F6 /* Shared */ = {
			isa = PBXGroup;
			children = (
				4B1B843C28AFDFC9009578DD /* Model */,
				4B57096528AFCE38006997F6 /* View */,
				4B57094728AFCDF6006997F6 /* NotesApp.swift */,
				4B57094828AFCDF6006997F6 /* ContentView.swift */,
				4B57094928AFCDFA006997F6 /* Assets.xcassets */,
			);
			path = Shared;
			sourceTree = "<group>";
		};
		4B57094F28AFCDFA006997F6 /* Products */ = {
			isa = PBXGroup;
			children = (
				4B57094E28AFCDFA006997F6 /* Notes.app */,
				4B57095428AFCDFA006997F6 /* Notes.app */,
			);
			name = Products;
			sourceTree = "<group>";
		};
		4B57095528AFCDFA006997F6 /* macOS */ = {
			isa = PBXGroup;
			children = (
				4B57095628AFCDFA006997F6 /* macOS.entitlements */,
			);
			path = macOS;
			sourceTree = "<group>";
		};
		4B57096528AFCE38006997F6 /* View */ = {
			isa = PBXGroup;
			children = (
				4B57096628AFCE46006997F6 /* HomeView.swift */,
				4B1B844028AFE5CC009578DD /* BlurView.swift */,
			);
			path = View;
			sourceTree = "<group>";
		};
/* End PBXGroup section */

/* Begin PBXNativeTarget section */
		4B57094D28AFCDFA006997F6 /* Notes (iOS) */ = {
			isa = PBXNativeTarget;
			buildConfigurationList = 4B57095F28AFCDFA006997F6 /* Build configuration list for PBXNativeTarget "Notes (iOS)" */;
			buildPhases = (
				4B57094A28AFCDFA006997F6 /* Sources */,
				4B57094B28AFCDFA006997F6 /* Frameworks */,
				4B57094C28AFCDFA006997F6 /* Resources */,
			);
			buildRules = (
			);
			dependencies = (
			);
			name = "Notes (iOS)";
			productName = "Notes (iOS)";
			productReference = 4B57094E28AFCDFA006997F6 /* Notes.app */;
			productType = "com.apple.product-type.application";
		};
		4B57095328AFCDFA006997F6 /* Notes (macOS) */ = {
			isa = PBXNativeTarget;
			buildConfigurationList = 4B57096228AFCDFA006997F6 /* Build configuration list for PBXNativeTarget "Notes (macOS)" */;
			buildPhases = (
				4B57095028AFCDFA006997F6 /* Sources */,
				4B57095128AFCDFA006997F6 /* Frameworks */,
				4B57095228AFCDFA006997F6 /* Resources */,
			);
			buildRules = (
			);
			dependencies = (
			);
			name = "Notes (macOS)";
			productName = "Notes (macOS)";
			productReference = 4B57095428AFCDFA006997F6 /* Notes.app */;
			productType = "com.apple.product-type.application";
		};
/* End PBXNativeTarget section */

/* Begin PBXProject section */
		4B57094228AFCDF6006997F6 /* Project object */ = {
			isa = PBXProject;
			attributes = {
				BuildIndependentTargetsInParallel = 1;
				LastSwiftUpdateCheck = 1340;
				LastUpgradeCheck = 1340;
				TargetAttributes = {
					4B57094D28AFCDFA006997F6 = {
						CreatedOnToolsVersion = 13.4.1;
					};
					4B57095328AFCDFA006997F6 = {
						CreatedOnToolsVersion = 13.4.1;
					};
				};
			};
			buildConfigurationList = 4B57094528AFCDF6006997F6 /* Build configuration list for PBXProject "Notes" */;
			compatibilityVersion = "Xcode 13.0";
			developmentRegion = en;
			hasScannedForEncodings = 0;
			knownRegions = (
				en,
				Base,
			);
			mainGroup = 4B57094128AFCDF6006997F6;
			productRefGroup = 4B57094F28AFCDFA006997F6 /* Products */;
			projectDirPath = "";
			projectRoot = "";
			targets = (
				4B57094D28AFCDFA006997F6 /* Notes (iOS) */,
				4B57095328AFCDFA006997F6 /* Notes (macOS) */,
			);
		};
/* End PBXProject section */

/* Begin PBXResourcesBuildPhase section */
		4B57094C28AFCDFA006997F6 /* Resources */ = {
			isa = PBXResourcesBuildPhase;
			buildActionMask = 2147483647;
			files = (
				4B57095B28AFCDFA006997F6 /* Assets.xcassets in Resources */,
			);
			runOnlyForDeploymentPostprocessing = 0;
		};
		4B57095228AFCDFA006997F6 /* Resources */ = {
			isa = PBXResourcesBuildPhase;
			buildActionMask = 2147483647;
			files = (
				4B57095C28AFCDFA006997F6 /* Assets.xcassets in Resources */,
			);
			runOnlyForDeploymentPostprocessing = 0;
		};
/* End PBXResourcesBuildPhase section */

/* Begin PBXSourcesBuildPhase section */
		4B57094A28AFCDFA006997F6 /* Sources */ = {
			isa = PBXSourcesBuildPhase;
			buildActionMask = 2147483647;
			files = (
				4B57095928AFCDFA006997F6 /* ContentView.swift in Sources */,
				4B57095728AFCDFA006997F6 /* NotesApp.swift in Sources */,
				4B1B844128AFE5CC009578DD /* BlurView.swift in Sources */,
				4B57096728AFCE46006997F6 /* HomeView.swift in Sources */,
				4B1B843E28AFDFE0009578DD /* Note.swift in Sources */,
			);
			runOnlyForDeploymentPostprocessing = 0;
		};
		4B57095028AFCDFA006997F6 /* Sources */ = {
			isa = PBXSourcesBuildPhase;
			buildActionMask = 2147483647;
			files = (
				4B57096828AFCE86006997F6 /* HomeView.swift in Sources */,
				4B57095A28AFCDFA006997F6 /* ContentView.swift in Sources */,
				4B57095828AFCDFA006997F6 /* NotesApp.swift in Sources */,
				4B1B843F28AFE124009578DD /* Note.swift in Sources */,
			);
			runOnlyForDeploymentPostprocessing = 0;
		};
/* End PBXSourcesBuildPhase section */

/* Begin XCBuildConfiguration section */
		4B57095D28AFCDFA006997F6 /* Debug */ = {
			isa = XCBuildConfiguration;
			buildSettings = {
				ALWAYS_SEARCH_USER_PATHS = NO;
				CLANG_ANALYZER_NONNULL = YES;
				CLANG_ANALYZER_NUMBER_OBJECT_CONVERSION = YES_AGGRESSIVE;
				CLANG_CXX_LANGUAGE_STANDARD = "gnu++17";
				CLANG_ENABLE_MODULES = YES;
				CLANG_ENABLE_OBJC_ARC = YES;
				CLANG_ENABLE_OBJC_WEAK = YES;
				CLANG_WARN_BLOCK_CAPTURE_AUTORELEASING = YES;
				CLANG_WARN_BOOL_CONVERSION = YES;
				CLANG_WARN_COMMA = YES;
				CLANG_WARN_CONSTANT_CONVERSION = YES;
				CLANG_WARN_DEPRECATED_OBJC_IMPLEMENTATIONS = YES;
				CLANG_WARN_DIRECT_OBJC_ISA_USAGE = YES_ERROR;
				CLANG_WARN_DOCUMENTATION_COMMENTS = YES;
				CLANG_WARN_EMPTY_BODY = YES;
				CLANG_WARN_ENUM_CONVERSION = YES;
				CLANG_WARN_INFINITE_RECURSION = YES;
				CLANG_WARN_INT_CONVERSION = YES;
				CLANG_WARN_NON_LITERAL_NULL_CONVERSION = YES;
				CLANG_WARN_OBJC_IMPLICIT_RETAIN_SELF = YES;
				CLANG_WARN_OBJC_LITERAL_CONVERSION = YES;
				CLANG_WARN_OBJC_ROOT_CLASS = YES_ERROR;
				CLANG_WARN_QUOTED_INCLUDE_IN_FRAMEWORK_HEADER = YES;
				CLANG_WARN_RANGE_LOOP_ANALYSIS = YES;
				CLANG_WARN_STRICT_PROTOTYPES = YES;
				CLANG_WARN_SUSPICIOUS_MOVE = YES;
				CLANG_WARN_UNGUARDED_AVAILABILITY = YES_AGGRESSIVE;
				CLANG_WARN_UNREACHABLE_CODE = YES;
				CLANG_WARN__DUPLICATE_METHOD_MATCH = YES;
				COPY_PHASE_STRIP = NO;
				DEBUG_INFORMATION_FORMAT = dwarf;
				ENABLE_STRICT_OBJC_MSGSEND = YES;
				ENABLE_TESTABILITY = YES;
				GCC_C_LANGUAGE_STANDARD = gnu11;
				GCC_DYNAMIC_NO_PIC = NO;
				GCC_NO_COMMON_BLOCKS = YES;
				GCC_OPTIMIZATION_LEVEL = 0;
				GCC_PREPROCESSOR_DEFINITIONS = (
					"DEBUG=1",
					"$(inherited)",
				);
				GCC_WARN_64_TO_32_BIT_CONVERSION = YES;
				GCC_WARN_ABOUT_RETURN_TYPE = YES_ERROR;
				GCC_WARN_UNDECLARED_SELECTOR = YES;
				GCC_WARN_UNINITIALIZED_AUTOS = YES_AGGRESSIVE;
				GCC_WARN_UNUSED_FUNCTION = YES;
				GCC_WARN_UNUSED_VARIABLE = YES;
				MTL_ENABLE_DEBUG_INFO = INCLUDE_SOURCE;
				MTL_FAST_MATH = YES;
				ONLY_ACTIVE_ARCH = YES;
				SWIFT_ACTIVE_COMPILATION_CONDITIONS = DEBUG;
				SWIFT_OPTIMIZATION_LEVEL = "-Onone";
			};
			name = Debug;
		};
		4B57095E28AFCDFA006997F6 /* Release */ = {
			isa = XCBuildConfiguration;
			buildSettings = {
				ALWAYS_SEARCH_USER_PATHS = NO;
				CLANG_ANALYZER_NONNULL = YES;
				CLANG_ANALYZER_NUMBER_OBJECT_CONVERSION = YES_AGGRESSIVE;
				CLANG_CXX_LANGUAGE_STANDARD = "gnu++17";
				CLANG_ENABLE_MODULES = YES;
				CLANG_ENABLE_OBJC_ARC = YES;
				CLANG_ENABLE_OBJC_WEAK = YES;
				CLANG_WARN_BLOCK_CAPTURE_AUTORELEASING = YES;
				CLANG_WARN_BOOL_CONVERSION = YES;
				CLANG_WARN_COMMA = YES;
				CLANG_WARN_CONSTANT_CONVERSION = YES;
				CLANG_WARN_DEPRECATED_OBJC_IMPLEMENTATIONS = YES;
				CLANG_WARN_DIRECT_OBJC_ISA_USAGE = YES_ERROR;
				CLANG_WARN_DOCUMENTATION_COMMENTS = YES;
				CLANG_WARN_EMPTY_BODY = YES;
				CLANG_WARN_ENUM_CONVERSION = YES;
				CLANG_WARN_INFINITE_RECURSION = YES;
				CLANG_WARN_INT_CONVERSION = YES;
				CLANG_WARN_NON_LITERAL_NULL_CONVERSION = YES;
				CLANG_WARN_OBJC_IMPLICIT_RETAIN_SELF = YES;
				CLANG_WARN_OBJC_LITERAL_CONVERSION = YES;
				CLANG_WARN_OBJC_ROOT_CLASS = YES_ERROR;
				CLANG_WARN_QUOTED_INCLUDE_IN_FRAMEWORK_HEADER = YES;
				CLANG_WARN_RANGE_LOOP_ANALYSIS = YES;
				CLANG_WARN_STRICT_PROTOTYPES = YES;
				CLANG_WARN_SUSPICIOUS_MOVE = YES;
				CLANG_WARN_UNGUARDED_AVAILABILITY = YES_AGGRESSIVE;
				CLANG_WARN_UNREACHABLE_CODE = YES;
				CLANG_WARN__DUPLICATE_METHOD_MATCH = YES;
				COPY_PHASE_STRIP = NO;
				DEBUG_INFORMATION_FORMAT = "dwarf-with-dsym";
				ENABLE_NS_ASSERTIONS = NO;
				ENABLE_STRICT_OBJC_MSGSEND = YES;
				GCC_C_LANGUAGE_STANDARD = gnu11;
				GCC_NO_COMMON_BLOCKS = YES;
				GCC_WARN_64_TO_32_BIT_CONVERSION = YES;
				GCC_WARN_ABOUT_RETURN_TYPE = YES_ERROR;
				GCC_WARN_UNDECLARED_SELECTOR = YES;
				GCC_WARN_UNINITIALIZED_AUTOS = YES_AGGRESSIVE;
				GCC_WARN_UNUSED_FUNCTION = YES;
				GCC_WARN_UNUSED_VARIABLE = YES;
				MTL_ENABLE_DEBUG_INFO = NO;
				MTL_FAST_MATH = YES;
				SWIFT_COMPILATION_MODE = wholemodule;
				SWIFT_OPTIMIZATION_LEVEL = "-O";
			};
			name = Release;
		};
		4B57096028AFCDFA006997F6 /* Debug */ = {
			isa = XCBuildConfiguration;
			buildSettings = {
				ASSETCATALOG_COMPILER_APPICON_NAME = AppIcon;
				ASSETCATALOG_COMPILER_GLOBAL_ACCENT_COLOR_NAME = AccentColor;
				CODE_SIGN_STYLE = Automatic;
				CURRENT_PROJECT_VERSION = 1;
				DEVELOPMENT_TEAM = C23DJKFSQA;
				ENABLE_PREVIEWS = YES;
				GENERATE_INFOPLIST_FILE = YES;
				INFOPLIST_KEY_UIApplicationSceneManifest_Generation = YES;
				INFOPLIST_KEY_UIApplicationSupportsIndirectInputEvents = YES;
				INFOPLIST_KEY_UILaunchScreen_Generation = YES;
				INFOPLIST_KEY_UISupportedInterfaceOrientations_iPad = "UIInterfaceOrientationPortrait UIInterfaceOrientationPortraitUpsideDown UIInterfaceOrientationLandscapeLeft UIInterfaceOrientationLandscapeRight";
				INFOPLIST_KEY_UISupportedInterfaceOrientations_iPhone = "UIInterfaceOrientationPortrait UIInterfaceOrientationLandscapeLeft UIInterfaceOrientationLandscapeRight";
				IPHONEOS_DEPLOYMENT_TARGET = 15.5;
				LD_RUNPATH_SEARCH_PATHS = (
					"$(inherited)",
					"@executable_path/Frameworks",
				);
				MARKETING_VERSION = 1.0;
				PRODUCT_BUNDLE_IDENTIFIER = com.yossibz.Notes;
				PRODUCT_NAME = Notes;
				SDKROOT = iphoneos;
				SWIFT_EMIT_LOC_STRINGS = YES;
				SWIFT_VERSION = 5.0;
				TARGETED_DEVICE_FAMILY = "1,2";
			};
			name = Debug;
		};
		4B57096128AFCDFA006997F6 /* Release */ = {
			isa = XCBuildConfiguration;
			buildSettings = {
				ASSETCATALOG_COMPILER_APPICON_NAME = AppIcon;
				ASSETCATALOG_COMPILER_GLOBAL_ACCENT_COLOR_NAME = AccentColor;
				CODE_SIGN_STYLE = Automatic;
				CURRENT_PROJECT_VERSION = 1;
				DEVELOPMENT_TEAM = C23DJKFSQA;
				ENABLE_PREVIEWS = YES;
				GENERATE_INFOPLIST_FILE = YES;
				INFOPLIST_KEY_UIApplicationSceneManifest_Generation = YES;
				INFOPLIST_KEY_UIApplicationSupportsIndirectInputEvents = YES;
				INFOPLIST_KEY_UILaunchScreen_Generation = YES;
				INFOPLIST_KEY_UISupportedInterfaceOrientations_iPad = "UIInterfaceOrientationPortrait UIInterfaceOrientationPortraitUpsideDown UIInterfaceOrientationLandscapeLeft UIInterfaceOrientationLandscapeRight";
				INFOPLIST_KEY_UISupportedInterfaceOrientations_iPhone = "UIInterfaceOrientationPortrait UIInterfaceOrientationLandscapeLeft UIInterfaceOrientationLandscapeRight";
				IPHONEOS_DEPLOYMENT_TARGET = 15.5;
				LD_RUNPATH_SEARCH_PATHS = (
					"$(inherited)",
					"@executable_path/Frameworks",
				);
				MARKETING_VERSION = 1.0;
				PRODUCT_BUNDLE_IDENTIFIER = com.yossibz.Notes;
				PRODUCT_NAME = Notes;
				SDKROOT = iphoneos;
				SWIFT_EMIT_LOC_STRINGS = YES;
				SWIFT_VERSION = 5.0;
				TARGETED_DEVICE_FAMILY = "1,2";
				VALIDATE_PRODUCT = YES;
			};
			name = Release;
		};
		4B57096328AFCDFA006997F6 /* Debug */ = {
			isa = XCBuildConfiguration;
			buildSettings = {
				ASSETCATALOG_COMPILER_APPICON_NAME = AppIcon;
				ASSETCATALOG_COMPILER_GLOBAL_ACCENT_COLOR_NAME = AccentColor;
				CODE_SIGN_ENTITLEMENTS = macOS/macOS.entitlements;
				CODE_SIGN_STYLE = Automatic;
				COMBINE_HIDPI_IMAGES = YES;
				CURRENT_PROJECT_VERSION = 1;
				DEVELOPMENT_TEAM = C23DJKFSQA;
				ENABLE_HARDENED_RUNTIME = YES;
				ENABLE_PREVIEWS = YES;
				GENERATE_INFOPLIST_FILE = YES;
				INFOPLIST_KEY_NSHumanReadableCopyright = "";
				LD_RUNPATH_SEARCH_PATHS = (
					"$(inherited)",
					"@executable_path/../Frameworks",
				);
				MACOSX_DEPLOYMENT_TARGET = 12.3;
				MARKETING_VERSION = 1.0;
				PRODUCT_BUNDLE_IDENTIFIER = com.yossibz.Notes;
				PRODUCT_NAME = Notes;
				SDKROOT = macosx;
				SWIFT_EMIT_LOC_STRINGS = YES;
				SWIFT_VERSION = 5.0;
			};
			name = Debug;
		};
		4B57096428AFCDFA006997F6 /* Release */ = {
			isa = XCBuildConfiguration;
			buildSettings = {
				ASSETCATALOG_COMPILER_APPICON_NAME = AppIcon;
				ASSETCATALOG_COMPILER_GLOBAL_ACCENT_COLOR_NAME = AccentColor;
				CODE_SIGN_ENTITLEMENTS = macOS/macOS.entitlements;
				CODE_SIGN_STYLE = Automatic;
				COMBINE_HIDPI_IMAGES = YES;
				CURRENT_PROJECT_VERSION = 1;
				DEVELOPMENT_TEAM = C23DJKFSQA;
				ENABLE_HARDENED_RUNTIME = YES;
				ENABLE_PREVIEWS = YES;
				GENERATE_INFOPLIST_FILE = YES;
				INFOPLIST_KEY_NSHumanReadableCopyright = "";
				LD_RUNPATH_SEARCH_PATHS = (
					"$(inherited)",
					"@executable_path/../Frameworks",
				);
				MACOSX_DEPLOYMENT_TARGET = 12.3;
				MARKETING_VERSION = 1.0;
				PRODUCT_BUNDLE_IDENTIFIER = com.yossibz.Notes;
				PRODUCT_NAME = Notes;
				SDKROOT = macosx;
				SWIFT_EMIT_LOC_STRINGS = YES;
				SWIFT_VERSION = 5.0;
			};
			name = Release;
		};
/* End XCBuildConfiguration section */

/* Begin XCConfigurationList section */
		4B57094528AFCDF6006997F6 /* Build configuration list for PBXProject "Notes" */ = {
			isa = XCConfigurationList;
			buildConfigurations = (
				4B57095D28AFCDFA006997F6 /* Debug */,
				4B57095E28AFCDFA006997F6 /* Release */,
			);
			defaultConfigurationIsVisible = 0;
			defaultConfigurationName = Release;
		};
		4B57095F28AFCDFA006997F6 /* Build configuration list for PBXNativeTarget "Notes (iOS)" */ = {
			isa = XCConfigurationList;
			buildConfigurations = (
				4B57096028AFCDFA006997F6 /* Debug */,
				4B57096128AFCDFA006997F6 /* Release */,
			);
			defaultConfigurationIsVisible = 0;
			defaultConfigurationName = Release;
		};
		4B57096228AFCDFA006997F6 /* Build configuration list for PBXNativeTarget "Notes (macOS)" */ = {
			isa = XCConfigurationList;
			buildConfigurations = (
				4B57096328AFCDFA006997F6 /* Debug */,
				4B57096428AFCDFA006997F6 /* Release */,
			);
			defaultConfigurationIsVisible = 0;
			defaultConfigurationName = Release;
		};
/* End XCConfigurationList section */
	};
	rootObject = 4B57094228AFCDF6006997F6 /* Project object */;
}
